Microsoft Visual Studio Solution File, Format Version 12.00
# Visual Studio Version 17
VisualStudioVersion = 17.5.2.0
MinimumVisualStudioVersion = 10.0.40219.1
Project("{FAE04EC0-301F-11D3-BF4B-00C04F79EFBC}") = "CerealDatabase", "CerealDatabase.csproj", "{0A2F691A-8A64-6B0D-5034-93308427E187}"
EndProject
Global
	GlobalSection(SolutionConfigurationPlatforms) = preSolution
		Debug|Any CPU = Debug|Any CPU
		Release|Any CPU = Release|Any CPU
	EndGlobalSection
	GlobalSection(ProjectConfigurationPlatforms) = postSolution
		{0A2F691A-8A64-6B0D-5034-93308427E187}.Debug|Any CPU.ActiveCfg = Debug|Any CPU
		{0A2F691A-8A64-6B0D-5034-93308427E187}.Debug|Any CPU.Build.0 = Debug|Any CPU
		{0A2F691A-8A64-6B0D-5034-93308427E187}.Release|Any CPU.ActiveCfg = Release|Any CPU
		{0A2F691A-8A64-6B0D-5034-93308427E187}.Release|Any CPU.Build.0 = Release|Any CPU
	EndGlobalSection
	GlobalSection(SolutionProperties) = preSolution
		HideSolutionNode = FALSE
	EndGlobalSection
	GlobalSection(ExtensibilityGlobals) = postSolution
		SolutionGuid = {C8B1674A-74ED-46D6-BD20-E692E10DDEC9}
	EndGlobalSection
EndGlobal
